
Microsoft Visual Studio Solution File, Format Version 12.00
# Visual Studio Version 16
VisualStudioVersion = 16.0.31702.278
MinimumVisualStudioVersion = 10.0.40219.1
Project("{FAE04EC0-301F-11D3-BF4B-00C04F79EFBC}") = "pruebasPowerShell", "pruebasPowerShell\pruebasPowerShell.csproj", "{D442D91F-2C39-4B77-BDE1-E8C170301728}"
EndProject
Global
	GlobalSection(SolutionConfigurationPlatforms) = preSolution
		Debug|Any CPU = Debug|Any CPU
		Release|Any CPU = Release|Any CPU
	EndGlobalSection
	GlobalSection(ProjectConfigurationPlatforms) = postSolution
		{D442D91F-2C39-4B77-BDE1-E8C170301728}.Debug|Any CPU.ActiveCfg = Debug|Any CPU
		{D442D91F-2C39-4B77-BDE1-E8C170301728}.Debug|Any CPU.Build.0 = Debug|Any CPU
		{D442D91F-2C39-4B77-BDE1-E8C170301728}.Release|Any CPU.ActiveCfg = Release|Any CPU
		{D442D91F-2C39-4B77-BDE1-E8C170301728}.Release|Any CPU.Build.0 = Release|Any CPU
	EndGlobalSection
	GlobalSection(SolutionProperties) = preSolution
		HideSolutionNode = FALSE
	EndGlobalSection
	GlobalSection(ExtensibilityGlobals) = postSolution
		SolutionGuid = {7842CA69-B3DC-4029-8F2F-A1DFDE1C64D4}
	EndGlobalSection
EndGlobal
